github.com/dmi3midd/shkvcache v0.0.0-20260824184822-9458647c2650 h1:vjV46zanM7yp/n/gBAk3WzTjux91WDJpZ/96JXRsDPg=
github.com/dmi3midd/shkvcache v0.0.0-20260824184822-9458647c2650/go.mod h1:zSN0beqEunjJovCNhUiPVDIQjakT7f/kCQaexEAnQAo=
github.com/google/uuid v1.6.0 h1:NIvaJDMOsjHA8n1jAhLSgzrAzy1Hgr+hNrb57e+94F0=
github.com/google/uuid v1.6.0/go.mod h1:TIyPZe4MgqvfeYDBFedMoGGpEw/LqOeaOT+nhxU+yHo=
go.yaml.in/yaml/v3 v3.0.5 h1:N6y/pJk8buWs9NY5ERU2HSMfm+IuD/OtfdAnq6kESPw=
go.yaml.in/yaml/v3 v3.0.5/go.mod h1:HVTZu1O7/Vkt2N+BFy8Zza+lnLsABggaTM2ZpNIGuKg=
